
Microsoft Visual Studio Solution File, Format Version 12.00
# Visual Studio Version 17
VisualStudioVersion = 17.2.32526.322
MinimumVisualStudioVersion = 10.0.40219.1
Project("{8BC9CEB8-8B4A-11D0-8D11-00A0C91BC942}") = "find_x12_structure", "find_x12_structure\find_x12_structure.vcxproj", "{D71499C5-17D5-42AB-BCE3-6AB788FAB302}"
EndProject
Global
	GlobalSection(SolutionConfigurationPlatforms) = preSolution
		Debug|x64 = Debug|x64
		Debug|x86 = Debug|x86
		Release|x64 = Release|x64
		Release|x86 = Release|x86
	EndGlobalSection
	GlobalSection(ProjectConfigurationPlatforms) = postSolution
		{D71499C5-17D5-42AB-BCE3-6AB788FAB302}.Debug|x64.ActiveCfg = Debug|x64
		{D71499C5-17D5-42AB-BCE3-6AB788FAB302}.Debug|x64.Build.0 = Debug|x64
		{D71499C5-17D5-42AB-BCE3-6AB788FAB302}.Debug|x86.ActiveCfg = Debug|Win32
		{D71499C5-17D5-42AB-BCE3-6AB788FAB302}.Debug|x86.Build.0 = Debug|Win32
		{D71499C5-17D5-42AB-BCE3-6AB788FAB302}.Release|x64.ActiveCfg = Release|x64
		{D71499C5-17D5-42AB-BCE3-6AB788FAB302}.Release|x64.Build.0 = Release|x64
		{D71499C5-17D5-42AB-BCE3-6AB788FAB302}.Release|x86.ActiveCfg = Release|Win32
		{D71499C5-17D5-42AB-BCE3-6AB788FAB302}.Release|x86.Build.0 = Release|Win32
	EndGlobalSection
	GlobalSection(SolutionProperties) = preSolution
		HideSolutionNode = FALSE
	EndGlobalSection
	GlobalSection(ExtensibilityGlobals) = postSolution
		SolutionGuid = {EFC0817E-914D-48B1-B65F-A761DAFC45B1}
	EndGlobalSection
EndGlobal
