
Microsoft Visual Studio Solution File, Format Version 12.00
# Visual Studio Version 17
VisualStudioVersion = 17.2.32526.322
MinimumVisualStudioVersion = 10.0.40219.1
Project("{8BC9CEB8-8B4A-11D0-8D11-00A0C91BC942}") = "snils", "snils\snils.vcxproj", "{9EA0DF9B-59F8-426B-A420-F48C914E0B14}"
EndProject
Global
	GlobalSection(SolutionConfigurationPlatforms) = preSolution
		Debug|x64 = Debug|x64
		Debug|x86 = Debug|x86
		Release|x64 = Release|x64
		Release|x86 = Release|x86
	EndGlobalSection
	GlobalSection(ProjectConfigurationPlatforms) = postSolution
		{9EA0DF9B-59F8-426B-A420-F48C914E0B14}.Debug|x64.ActiveCfg = Debug|x64
		{9EA0DF9B-59F8-426B-A420-F48C914E0B14}.Debug|x64.Build.0 = Debug|x64
		{9EA0DF9B-59F8-426B-A420-F48C914E0B14}.Debug|x86.ActiveCfg = Debug|Win32
		{9EA0DF9B-59F8-426B-A420-F48C914E0B14}.Debug|x86.Build.0 = Debug|Win32
		{9EA0DF9B-59F8-426B-A420-F48C914E0B14}.Release|x64.ActiveCfg = Release|x64
		{9EA0DF9B-59F8-426B-A420-F48C914E0B14}.Release|x64.Build.0 = Release|x64
		{9EA0DF9B-59F8-426B-A420-F48C914E0B14}.Release|x86.ActiveCfg = Release|Win32
		{9EA0DF9B-59F8-426B-A420-F48C914E0B14}.Release|x86.Build.0 = Release|Win32
	EndGlobalSection
	GlobalSection(SolutionProperties) = preSolution
		HideSolutionNode = FALSE
	EndGlobalSection
	GlobalSection(ExtensibilityGlobals) = postSolution
		SolutionGuid = {B0DCEE8F-4918-40D1-9196-915EFB68953A}
	EndGlobalSection
EndGlobal
